
Microsoft Visual Studio Solution File, Format Version 12.00
# Visual Studio Version 16
VisualStudioVersion = 16.0.31515.178
MinimumVisualStudioVersion = 10.0.40219.1
Project("{FAE04EC0-301F-11D3-BF4B-00C04F79EFBC}") = "Palindromes", "Palindromes\Palindromes.csproj", "{65112EA9-E123-4BB8-B660-0458665793CA}"
EndProject
Project("{FAE04EC0-301F-11D3-BF4B-00C04F79EFBC}") = "Palindromes.Test", "Palindromes.Test\Palindromes.Test.csproj", "{8AE662B1-5848-40EE-B24F-EB35E50E31FA}"
EndProject
Global
	GlobalSection(SolutionConfigurationPlatforms) = preSolution
		Debug|Any CPU = Debug|Any CPU
		Release|Any CPU = Release|Any CPU
	EndGlobalSection
	GlobalSection(ProjectConfigurationPlatforms) = postSolution
		{65112EA9-E123-4BB8-B660-0458665793CA}.Debug|Any CPU.ActiveCfg = Debug|Any CPU
		{65112EA9-E123-4BB8-B660-0458665793CA}.Debug|Any CPU.Build.0 = Debug|Any CPU
		{65112EA9-E123-4BB8-B660-0458665793CA}.Release|Any CPU.ActiveCfg = Release|Any CPU
		{65112EA9-E123-4BB8-B660-0458665793CA}.Release|Any CPU.Build.0 = Release|Any CPU
		{8AE662B1-5848-40EE-B24F-EB35E50E31FA}.Debug|Any CPU.ActiveCfg = Debug|Any CPU
		{8AE662B1-5848-40EE-B24F-EB35E50E31FA}.Debug|Any CPU.Build.0 = Debug|Any CPU
		{8AE662B1-5848-40EE-B24F-EB35E50E31FA}.Release|Any CPU.ActiveCfg = Release|Any CPU
		{8AE662B1-5848-40EE-B24F-EB35E50E31FA}.Release|Any CPU.Build.0 = Release|Any CPU
	EndGlobalSection
	GlobalSection(SolutionProperties) = preSolution
		HideSolutionNode = FALSE
	EndGlobalSection
	GlobalSection(ExtensibilityGlobals) = postSolution
		SolutionGuid = {562979D9-1DA9-407A-BB51-CC8921A158F9}
	EndGlobalSection
EndGlobal
